
Microsoft Visual Studio Solution File, Format Version 12.00
# Visual Studio 14
VisualStudioVersion = 14.0.23107.0
MinimumVisualStudioVersion = 10.0.40219.1
Project("{FAE04EC0-301F-11D3-BF4B-00C04F79EFBC}") = "MMS.Client", "MMS.Client\MMS.Client.csproj", "{E0053072-0FA0-4F52-AC83-B2AB023D4C2C}"
EndProject
Project("{FAE04EC0-301F-11D3-BF4B-00C04F79EFBC}") = "MMS.UI", "MMS.UI\MMS.UI.csproj", "{B461142D-ED6D-4A55-A3D5-612D6E58EEA5}"
EndProject
Project("{2150E333-8FDC-42A3-9474-1A3956D46DE8}") = "MongoDB", "MongoDB", "{411D1155-4A46-49DF-AD4F-9577998F301B}"
EndProject
Project("{FAE04EC0-301F-11D3-BF4B-00C04F79EFBC}") = "MMS.MongoDB", "MMS.MongoDB\MMS.MongoDB.csproj", "{3EC60A22-8F5C-4D17-ABDA-194057663682}"
EndProject
Project("{FAE04EC0-301F-11D3-BF4B-00C04F79EFBC}") = "MMS.Grammar", "MMS.Grammar\MMS.Grammar.csproj", "{16AC7D83-90C0-426B-9664-B153A4F961B9}"
EndProject
Project("{FAE04EC0-301F-11D3-BF4B-00C04F79EFBC}") = "MMS.Command", "MMS.Command\MMS.Command.csproj", "{ACA94866-D8CD-462F-81EA-FCA4FD04D2F5}"
EndProject
Project("{FAE04EC0-301F-11D3-BF4B-00C04F79EFBC}") = "MMS.Installation", "MMS.Installation\MMS.Installation.csproj", "{B0D86B73-E821-4CBF-AD17-DCC6A758B615}"
EndProject
Project("{FAE04EC0-301F-11D3-BF4B-00C04F79EFBC}") = "MMS.Build", "MMS.Build\MMS.Build.csproj", "{CF8C6806-B01C-4A47-B78C-A01EB6A28659}"
EndProject
Project("{2150E333-8FDC-42A3-9474-1A3956D46DE8}") = "Configuration", "Configuration", "{BAD357FF-04B1-4AB6-9301-C7D3A36DDD5C}"
EndProject
Project("{FAE04EC0-301F-11D3-BF4B-00C04F79EFBC}") = "Common.Cryptogram", "Common.Cryptogram\Common.Cryptogram.csproj", "{F8A1A6E1-2BFE-42C1-AF1E-EC27C70E594E}"
EndProject
Project("{FAE04EC0-301F-11D3-BF4B-00C04F79EFBC}") = "Common.Logger", "Common.Logger\Common.Logger.csproj", "{C2C92005-3ADC-49E2-85A2-8BD031190485}"
EndProject
Project("{2150E333-8FDC-42A3-9474-1A3956D46DE8}") = "Common", "Common", "{AEF6B340-4957-4041-8A7E-9C8AEEF21D76}"
EndProject
Project("{FAE04EC0-301F-11D3-BF4B-00C04F79EFBC}") = "MMS.Config", "MMS.Config\MMS.Config.csproj", "{A724907B-EF35-416A-AF6F-340417F40B99}"
EndProject
Global
	GlobalSection(SolutionConfigurationPlatforms) = preSolution
		Debug|Any CPU = Debug|Any CPU
		Release|Any CPU = Release|Any CPU
	EndGlobalSection
	GlobalSection(ProjectConfigurationPlatforms) = postSolution
		{E0053072-0FA0-4F52-AC83-B2AB023D4C2C}.Debug|Any CPU.ActiveCfg = Debug|Any CPU
		{E0053072-0FA0-4F52-AC83-B2AB023D4C2C}.Debug|Any CPU.Build.0 = Debug|Any CPU
		{E0053072-0FA0-4F52-AC83-B2AB023D4C2C}.Release|Any CPU.ActiveCfg = Release|Any CPU
		{E0053072-0FA0-4F52-AC83-B2AB023D4C2C}.Release|Any CPU.Build.0 = Release|Any CPU
		{B461142D-ED6D-4A55-A3D5-612D6E58EEA5}.Debug|Any CPU.ActiveCfg = Debug|Any CPU
		{B461142D-ED6D-4A55-A3D5-612D6E58EEA5}.Debug|Any CPU.Build.0 = Debug|Any CPU
		{B461142D-ED6D-4A55-A3D5-612D6E58EEA5}.Release|Any CPU.ActiveCfg = Release|Any CPU
		{B461142D-ED6D-4A55-A3D5-612D6E58EEA5}.Release|Any CPU.Build.0 = Release|Any CPU
		{3EC60A22-8F5C-4D17-ABDA-194057663682}.Debug|Any CPU.ActiveCfg = Debug|Any CPU
		{3EC60A22-8F5C-4D17-ABDA-194057663682}.Debug|Any CPU.Build.0 = Debug|Any CPU
		{3EC60A22-8F5C-4D17-ABDA-194057663682}.Release|Any CPU.ActiveCfg = Release|Any CPU
		{3EC60A22-8F5C-4D17-ABDA-194057663682}.Release|Any CPU.Build.0 = Release|Any CPU
		{16AC7D83-90C0-426B-9664-B153A4F961B9}.Debug|Any CPU.ActiveCfg = Debug|Any CPU
		{16AC7D83-90C0-426B-9664-B153A4F961B9}.Debug|Any CPU.Build.0 = Debug|Any CPU
		{16AC7D83-90C0-426B-9664-B153A4F961B9}.Release|Any CPU.ActiveCfg = Release|Any CPU
		{16AC7D83-90C0-426B-9664-B153A4F961B9}.Release|Any CPU.Build.0 = Release|Any CPU
		{ACA94866-D8CD-462F-81EA-FCA4FD04D2F5}.Debug|Any CPU.ActiveCfg = Debug|Any CPU
		{ACA94866-D8CD-462F-81EA-FCA4FD04D2F5}.Debug|Any CPU.Build.0 = Debug|Any CPU
		{ACA94866-D8CD-462F-81EA-FCA4FD04D2F5}.Release|Any CPU.ActiveCfg = Release|Any CPU
		{ACA94866-D8CD-462F-81EA-FCA4FD04D2F5}.Release|Any CPU.Build.0 = Release|Any CPU
		{B0D86B73-E821-4CBF-AD17-DCC6A758B615}.Debug|Any CPU.ActiveCfg = Debug|Any CPU
		{B0D86B73-E821-4CBF-AD17-DCC6A758B615}.Debug|Any CPU.Build.0 = Debug|Any CPU
		{B0D86B73-E821-4CBF-AD17-DCC6A758B615}.Release|Any CPU.ActiveCfg = Release|Any CPU
		{B0D86B73-E821-4CBF-AD17-DCC6A758B615}.Release|Any CPU.Build.0 = Release|Any CPU
		{CF8C6806-B01C-4A47-B78C-A01EB6A28659}.Debug|Any CPU.ActiveCfg = Release|Any CPU
		{CF8C6806-B01C-4A47-B78C-A01EB6A28659}.Debug|Any CPU.Build.0 = Release|Any CPU
		{CF8C6806-B01C-4A47-B78C-A01EB6A28659}.Release|Any CPU.ActiveCfg = Release|Any CPU
		{CF8C6806-B01C-4A47-B78C-A01EB6A28659}.Release|Any CPU.Build.0 = Release|Any CPU
		{F8A1A6E1-2BFE-42C1-AF1E-EC27C70E594E}.Debug|Any CPU.ActiveCfg = Debug|Any CPU
		{F8A1A6E1-2BFE-42C1-AF1E-EC27C70E594E}.Debug|Any CPU.Build.0 = Debug|Any CPU
		{F8A1A6E1-2BFE-42C1-AF1E-EC27C70E594E}.Release|Any CPU.ActiveCfg = Release|Any CPU
		{F8A1A6E1-2BFE-42C1-AF1E-EC27C70E594E}.Release|Any CPU.Build.0 = Release|Any CPU
		{C2C92005-3ADC-49E2-85A2-8BD031190485}.Debug|Any CPU.ActiveCfg = Debug|Any CPU
		{C2C92005-3ADC-49E2-85A2-8BD031190485}.Debug|Any CPU.Build.0 = Debug|Any CPU
		{C2C92005-3ADC-49E2-85A2-8BD031190485}.Release|Any CPU.ActiveCfg = Release|Any CPU
		{C2C92005-3ADC-49E2-85A2-8BD031190485}.Release|Any CPU.Build.0 = Release|Any CPU
		{A724907B-EF35-416A-AF6F-340417F40B99}.Debug|Any CPU.ActiveCfg = Debug|Any CPU
		{A724907B-EF35-416A-AF6F-340417F40B99}.Debug|Any CPU.Build.0 = Debug|Any CPU
		{A724907B-EF35-416A-AF6F-340417F40B99}.Release|Any CPU.ActiveCfg = Release|Any CPU
		{A724907B-EF35-416A-AF6F-340417F40B99}.Release|Any CPU.Build.0 = Release|Any CPU
	EndGlobalSection
	GlobalSection(SolutionProperties) = preSolution
		HideSolutionNode = FALSE
	EndGlobalSection
	GlobalSection(NestedProjects) = preSolution
		{3EC60A22-8F5C-4D17-ABDA-194057663682} = {411D1155-4A46-49DF-AD4F-9577998F301B}
		{16AC7D83-90C0-426B-9664-B153A4F961B9} = {411D1155-4A46-49DF-AD4F-9577998F301B}
		{ACA94866-D8CD-462F-81EA-FCA4FD04D2F5} = {411D1155-4A46-49DF-AD4F-9577998F301B}
		{B0D86B73-E821-4CBF-AD17-DCC6A758B615} = {BAD357FF-04B1-4AB6-9301-C7D3A36DDD5C}
		{CF8C6806-B01C-4A47-B78C-A01EB6A28659} = {BAD357FF-04B1-4AB6-9301-C7D3A36DDD5C}
		{F8A1A6E1-2BFE-42C1-AF1E-EC27C70E594E} = {AEF6B340-4957-4041-8A7E-9C8AEEF21D76}
		{C2C92005-3ADC-49E2-85A2-8BD031190485} = {AEF6B340-4957-4041-8A7E-9C8AEEF21D76}
	EndGlobalSection
EndGlobal
